# This file is generated by running "yarn install" inside your project.
# Manual changes might be lost - proceed with caution!

__metadata:
  version: 6
  cacheKey: 8

"@slidev/theme-seriph@workspace:.":
  version: 0.0.0-use.local
  resolution: "@slidev/theme-seriph@workspace:."
  dependencies:
    "@slidev/types": ^0.22.7
    codemirror-theme-vars: ^0.1.1
    prism-theme-vars: ^0.2.2
    theme-vitesse: ^0.1.12
  languageName: unknown
  linkType: soft

"@slidev/types@npm:^0.22.7":
  version: 0.22.7
  resolution: "@slidev/types@npm:0.22.7"
  checksum: f30e7b3ee04ed19a643a9f8465c9e664174155dcc3a5cd5d5a1602e290e337e5bb19e9cae6d3570437040917689957557d0752652092696adbf1b1816c6f6eea
  languageName: node
  linkType: hard

"codemirror-theme-vars@npm:^0.1.1":
  version: 0.1.1
  resolution: "codemirror-theme-vars@npm:0.1.1"
  checksum: e91bfb2fc6c9328e8355358162c9a7eda09777e216b9367c21fc73c6d73ff2097e15d86b21b086abbbe0cbad1b95f51856f5e318ca123ecfb5da5353c810a88c
  languageName: node
  linkType: hard

"prism-theme-vars@npm:^0.2.2":
  version: 0.2.4
  resolution: "prism-theme-vars@npm:0.2.4"
  checksum: a98e9da1e335530c5ec864788d7aa317ca2ac2f8376af5cf56fd1f146b8302f556ece4bcca135215194d8b7a11379bdf7367d9fb8ba5119b536c4caeff8f108c
  languageName: node
  linkType: hard

"theme-vitesse@npm:^0.1.12":
  version: 0.1.14
  resolution: "theme-vitesse@npm:0.1.14"
  checksum: c1014e5ca4b366bb4eda9a49890fdbbac30192075779c39278bc2f1275adc7334035b1d1e5957c563cd88bbb476c58a96d81a94209359cbcf6b6a1a25901cb6a
  languageName: node
  linkType: hard
